{
  "name": "rust-demo-app",
  "lockfileVersion": 2,
  "requires": true,
  "packages": {
    "": {
      "devDependencies": {
        "rollup-wasm-pack-import": "^2.0.0"
      }
    },
    "node_modules/rollup-wasm-pack-import": {
      "version": "2.0.0",
      "resolved": "https://registry.npmjs.org/rollup-wasm-pack-import/-/rollup-wasm-pack-import-2.0.0.tgz",
      "integrity": "sha512-Egh0ygKmHXC7uWdsDXpATr2oBT20IduBUAyvkEbxFQLrB9GxgmwsFMfFW9JvmZjDHDQ+kJ2JcF/N+ZF4t5CWUQ==",
      "dev": true
    }
  },
  "dependencies": {
    "rollup-wasm-pack-import": {
      "version": "2.0.0",
      "resolved": "https://registry.npmjs.org/rollup-wasm-pack-import/-/rollup-wasm-pack-import-2.0.0.tgz",
      "integrity": "sha512-Egh0ygKmHXC7uWdsDXpATr2oBT20IduBUAyvkEbxFQLrB9GxgmwsFMfFW9JvmZjDHDQ+kJ2JcF/N+ZF4t5CWUQ==",
      "dev": true
    }
  }
}
